
Microsoft Visual Studio Solution File, Format Version 12.00
# Visual Studio Version 16
VisualStudioVersion = 16.0.31313.79
MinimumVisualStudioVersion = 10.0.40219.1
Project("{2150E333-8FDC-42A3-9474-1A3956D46DE8}") = "Services", "Services", "{A12CAC68-88F0-4046-9566-2CFBE3E36E67}"
EndProject
Project("{2150E333-8FDC-42A3-9474-1A3956D46DE8}") = "Catalog", "Catalog", "{FEF29667-9AD9-4518-8D74-C3D66A579200}"
EndProject
Project("{9A19103F-16F7-4668-BE54-9A1E7A4F7556}") = "Catalog.API", "Services\Catalog\Catalog.API\Catalog.API.csproj", "{FA69C02C-C502-45E9-BE78-AF72186A3AA7}"
EndProject
Project("{E53339B2-1760-4266-BCC7-CA923CBCF16C}") = "docker-compose", "docker-compose.dcproj", "{8166495B-2F85-466B-B269-5EDD8B3BF0F1}"
EndProject
Project("{2150E333-8FDC-42A3-9474-1A3956D46DE8}") = "Basket", "Basket", "{93FD9FB0-AC33-4EE1-81E3-9C30FE743A2F}"
EndProject
Project("{9A19103F-16F7-4668-BE54-9A1E7A4F7556}") = "Basket.API", "Services\Basket\Basket.API\Basket.API.csproj", "{EB22FD8D-E6AE-47BF-8D49-95C31A7A4F4F}"
EndProject
Project("{2150E333-8FDC-42A3-9474-1A3956D46DE8}") = "Discount", "Discount", "{804C4640-C27C-45A0-8DAA-3688365EC8B4}"
EndProject
Project("{9A19103F-16F7-4668-BE54-9A1E7A4F7556}") = "Discount.API", "Services\Discount\Discount.API\Discount.API.csproj", "{72566D72-C3F6-408F-87C9-942E948FC476}"
EndProject
Project("{9A19103F-16F7-4668-BE54-9A1E7A4F7556}") = "Discount.Grpc", "Services\Discount\Discount.Grpc\Discount.Grpc.csproj", "{F9B26AB8-780D-4797-BCBD-541F740B580C}"
EndProject
Project("{2150E333-8FDC-42A3-9474-1A3956D46DE8}") = "Ordering", "Ordering", "{5F822E82-5E84-48F1-AF12-6A3E27E595D4}"
EndProject
Project("{9A19103F-16F7-4668-BE54-9A1E7A4F7556}") = "Ordering.API", "Services\Ordering\Ordering.API\Ordering.API.csproj", "{4134D62F-4BC5-4B66-9217-1A22E504AC12}"
EndProject
Project("{9A19103F-16F7-4668-BE54-9A1E7A4F7556}") = "Ordering.Domain", "Services\Ordering\Ordering.Domain\Ordering.Domain.csproj", "{75A2D6E8-8514-4CCE-9643-707E13EC86F1}"
EndProject
Project("{9A19103F-16F7-4668-BE54-9A1E7A4F7556}") = "Ordering.Application", "Services\Ordering\Ordering.Application\Ordering.Application.csproj", "{5DDE6D9D-D77D-4C2C-83AF-2DC5FDEBCF07}"
EndProject
Project("{9A19103F-16F7-4668-BE54-9A1E7A4F7556}") = "Ordering.Infrastructure", "Services\Ordering\Ordering.Infrastructure\Ordering.Infrastructure.csproj", "{F496D145-2C99-416D-9E46-F4FABD97F730}"
EndProject
Project("{2150E333-8FDC-42A3-9474-1A3956D46DE8}") = "BuildingBlocks", "BuildingBlocks", "{6DA585D9-38A8-42A5-83F3-75C110D2A58F}"
EndProject
Project("{9A19103F-16F7-4668-BE54-9A1E7A4F7556}") = "EventBus.Messages", "BuildingBlocks\EventBus.Messages\EventBus.Messages.csproj", "{F7196632-8A94-4C77-972A-DDF8DBFCAAC0}"
EndProject
Project("{2150E333-8FDC-42A3-9474-1A3956D46DE8}") = "ApiGateways", "ApiGateways", "{8DAF084C-2586-432E-946A-CC07776033EF}"
EndProject
Project("{9A19103F-16F7-4668-BE54-9A1E7A4F7556}") = "OcelotApiGw", "ApiGateways\OcelotApiGw\OcelotApiGw.csproj", "{920890D5-5A1B-4D66-8764-4D2D636F1FC7}"
EndProject
Project("{9A19103F-16F7-4668-BE54-9A1E7A4F7556}") = "Shopping.Aggregator", "ApiGateways\Shopping.Aggregator\Shopping.Aggregator.csproj", "{07A7A372-169E-4349-AA6C-30C4E1564F9C}"
EndProject
Project("{2150E333-8FDC-42A3-9474-1A3956D46DE8}") = "WebApps", "WebApps", "{9E205BEC-95C2-4471-BD17-157B7751CD58}"
EndProject
Project("{9A19103F-16F7-4668-BE54-9A1E7A4F7556}") = "AspnetRunBasics", "WebApps\AspnetRunBasics\AspnetRunBasics.csproj", "{372AD53A-B6B7-4179-98EE-2E86420CFDA8}"
EndProject
Project("{9A19103F-16F7-4668-BE54-9A1E7A4F7556}") = "Common.Logging", "BuildingBlocks\Common.Logging\Common.Logging.csproj", "{C4EDCAC9-7BB8-4643-9207-8D7EDB80C504}"
EndProject
Project("{FAE04EC0-301F-11D3-BF4B-00C04F79EFBC}") = "WebStatus", "WebApps\WebStatus\WebStatus.csproj", "{CA7DDC41-5ADD-48ED-A01D-EACC25D3B624}"
EndProject
Global
	GlobalSection(SolutionConfigurationPlatforms) = preSolution
		Debug|Any CPU = Debug|Any CPU
		Release|Any CPU = Release|Any CPU
	EndGlobalSection
	GlobalSection(ProjectConfigurationPlatforms) = postSolution
		{FA69C02C-C502-45E9-BE78-AF72186A3AA7}.Debug|Any CPU.ActiveCfg = Debug|Any CPU
		{FA69C02C-C502-45E9-BE78-AF72186A3AA7}.Debug|Any CPU.Build.0 = Debug|Any CPU
		{FA69C02C-C502-45E9-BE78-AF72186A3AA7}.Release|Any CPU.ActiveCfg = Release|Any CPU
		{FA69C02C-C502-45E9-BE78-AF72186A3AA7}.Release|Any CPU.Build.0 = Release|Any CPU
		{8166495B-2F85-466B-B269-5EDD8B3BF0F1}.Debug|Any CPU.ActiveCfg = Debug|Any CPU
		{8166495B-2F85-466B-B269-5EDD8B3BF0F1}.Debug|Any CPU.Build.0 = Debug|Any CPU
		{8166495B-2F85-466B-B269-5EDD8B3BF0F1}.Release|Any CPU.ActiveCfg = Release|Any CPU
		{8166495B-2F85-466B-B269-5EDD8B3BF0F1}.Release|Any CPU.Build.0 = Release|Any CPU
		{EB22FD8D-E6AE-47BF-8D49-95C31A7A4F4F}.Debug|Any CPU.ActiveCfg = Debug|Any CPU
		{EB22FD8D-E6AE-47BF-8D49-95C31A7A4F4F}.Debug|Any CPU.Build.0 = Debug|Any CPU
		{EB22FD8D-E6AE-47BF-8D49-95C31A7A4F4F}.Release|Any CPU.ActiveCfg = Release|Any CPU
		{EB22FD8D-E6AE-47BF-8D49-95C31A7A4F4F}.Release|Any CPU.Build.0 = Release|Any CPU
		{72566D72-C3F6-408F-87C9-942E948FC476}.Debug|Any CPU.ActiveCfg = Debug|Any CPU
		{72566D72-C3F6-408F-87C9-942E948FC476}.Debug|Any CPU.Build.0 = Debug|Any CPU
		{72566D72-C3F6-408F-87C9-942E948FC476}.Release|Any CPU.ActiveCfg = Release|Any CPU
		{72566D72-C3F6-408F-87C9-942E948FC476}.Release|Any CPU.Build.0 = Release|Any CPU
		{F9B26AB8-780D-4797-BCBD-541F740B580C}.Debug|Any CPU.ActiveCfg = Debug|Any CPU
		{F9B26AB8-780D-4797-BCBD-541F740B580C}.Debug|Any CPU.Build.0 = Debug|Any CPU
		{F9B26AB8-780D-4797-BCBD-541F740B580C}.Release|Any CPU.ActiveCfg = Release|Any CPU
		{F9B26AB8-780D-4797-BCBD-541F740B580C}.Release|Any CPU.Build.0 = Release|Any CPU
		{4134D62F-4BC5-4B66-9217-1A22E504AC12}.Debug|Any CPU.ActiveCfg = Debug|Any CPU
		{4134D62F-4BC5-4B66-9217-1A22E504AC12}.Debug|Any CPU.Build.0 = Debug|Any CPU
		{4134D62F-4BC5-4B66-9217-1A22E504AC12}.Release|Any CPU.ActiveCfg = Release|Any CPU
		{4134D62F-4BC5-4B66-9217-1A22E504AC12}.Release|Any CPU.Build.0 = Release|Any CPU
		{75A2D6E8-8514-4CCE-9643-707E13EC86F1}.Debug|Any CPU.ActiveCfg = Debug|Any CPU
		{75A2D6E8-8514-4CCE-9643-707E13EC86F1}.Debug|Any CPU.Build.0 = Debug|Any CPU
		{75A2D6E8-8514-4CCE-9643-707E13EC86F1}.Release|Any CPU.ActiveCfg = Release|Any CPU
		{75A2D6E8-8514-4CCE-9643-707E13EC86F1}.Release|Any CPU.Build.0 = Release|Any CPU
		{5DDE6D9D-D77D-4C2C-83AF-2DC5FDEBCF07}.Debug|Any CPU.ActiveCfg = Debug|Any CPU
		{5DDE6D9D-D77D-4C2C-83AF-2DC5FDEBCF07}.Debug|Any CPU.Build.0 = Debug|Any CPU
		{5DDE6D9D-D77D-4C2C-83AF-2DC5FDEBCF07}.Release|Any CPU.ActiveCfg = Release|Any CPU
		{5DDE6D9D-D77D-4C2C-83AF-2DC5FDEBCF07}.Release|Any CPU.Build.0 = Release|Any CPU
		{F496D145-2C99-416D-9E46-F4FABD97F730}.Debug|Any CPU.ActiveCfg = Debug|Any CPU
		{F496D145-2C99-416D-9E46-F4FABD97F730}.Debug|Any CPU.Build.0 = Debug|Any CPU
		{F496D145-2C99-416D-9E46-F4FABD97F730}.Release|Any CPU.ActiveCfg = Release|Any CPU
		{F496D145-2C99-416D-9E46-F4FABD97F730}.Release|Any CPU.Build.0 = Release|Any CPU
		{F7196632-8A94-4C77-972A-DDF8DBFCAAC0}.Debug|Any CPU.ActiveCfg = Debug|Any CPU
		{F7196632-8A94-4C77-972A-DDF8DBFCAAC0}.Debug|Any CPU.Build.0 = Debug|Any CPU
		{F7196632-8A94-4C77-972A-DDF8DBFCAAC0}.Release|Any CPU.ActiveCfg = Release|Any CPU
		{F7196632-8A94-4C77-972A-DDF8DBFCAAC0}.Release|Any CPU.Build.0 = Release|Any CPU
		{920890D5-5A1B-4D66-8764-4D2D636F1FC7}.Debug|Any CPU.ActiveCfg = Debug|Any CPU
		{920890D5-5A1B-4D66-8764-4D2D636F1FC7}.Debug|Any CPU.Build.0 = Debug|Any CPU
		{920890D5-5A1B-4D66-8764-4D2D636F1FC7}.Release|Any CPU.ActiveCfg = Release|Any CPU
		{920890D5-5A1B-4D66-8764-4D2D636F1FC7}.Release|Any CPU.Build.0 = Release|Any CPU
		{07A7A372-169E-4349-AA6C-30C4E1564F9C}.Debug|Any CPU.ActiveCfg = Debug|Any CPU
		{07A7A372-169E-4349-AA6C-30C4E1564F9C}.Debug|Any CPU.Build.0 = Debug|Any CPU
		{07A7A372-169E-4349-AA6C-30C4E1564F9C}.Release|Any CPU.ActiveCfg = Release|Any CPU
		{07A7A372-169E-4349-AA6C-30C4E1564F9C}.Release|Any CPU.Build.0 = Release|Any CPU
		{372AD53A-B6B7-4179-98EE-2E86420CFDA8}.Debug|Any CPU.ActiveCfg = Debug|Any CPU
		{372AD53A-B6B7-4179-98EE-2E86420CFDA8}.Debug|Any CPU.Build.0 = Debug|Any CPU
		{372AD53A-B6B7-4179-98EE-2E86420CFDA8}.Release|Any CPU.ActiveCfg = Release|Any CPU
		{372AD53A-B6B7-4179-98EE-2E86420CFDA8}.Release|Any CPU.Build.0 = Release|Any CPU
		{C4EDCAC9-7BB8-4643-9207-8D7EDB80C504}.Debug|Any CPU.ActiveCfg = Debug|Any CPU
		{C4EDCAC9-7BB8-4643-9207-8D7EDB80C504}.Debug|Any CPU.Build.0 = Debug|Any CPU
		{C4EDCAC9-7BB8-4643-9207-8D7EDB80C504}.Release|Any CPU.ActiveCfg = Release|Any CPU
		{C4EDCAC9-7BB8-4643-9207-8D7EDB80C504}.Release|Any CPU.Build.0 = Release|Any CPU
		{CA7DDC41-5ADD-48ED-A01D-EACC25D3B624}.Debug|Any CPU.ActiveCfg = Debug|Any CPU
		{CA7DDC41-5ADD-48ED-A01D-EACC25D3B624}.Debug|Any CPU.Build.0 = Debug|Any CPU
		{CA7DDC41-5ADD-48ED-A01D-EACC25D3B624}.Release|Any CPU.ActiveCfg = Release|Any CPU
		{CA7DDC41-5ADD-48ED-A01D-EACC25D3B624}.Release|Any CPU.Build.0 = Release|Any CPU
	EndGlobalSection
	GlobalSection(SolutionProperties) = preSolution
		HideSolutionNode = FALSE
	EndGlobalSection
	GlobalSection(NestedProjects) = preSolution
		{FEF29667-9AD9-4518-8D74-C3D66A579200} = {A12CAC68-88F0-4046-9566-2CFBE3E36E67}
		{FA69C02C-C502-45E9-BE78-AF72186A3AA7} = {FEF29667-9AD9-4518-8D74-C3D66A579200}
		{93FD9FB0-AC33-4EE1-81E3-9C30FE743A2F} = {A12CAC68-88F0-4046-9566-2CFBE3E36E67}
		{EB22FD8D-E6AE-47BF-8D49-95C31A7A4F4F} = {93FD9FB0-AC33-4EE1-81E3-9C30FE743A2F}
		{804C4640-C27C-45A0-8DAA-3688365EC8B4} = {A12CAC68-88F0-4046-9566-2CFBE3E36E67}
		{72566D72-C3F6-408F-87C9-942E948FC476} = {804C4640-C27C-45A0-8DAA-3688365EC8B4}
		{F9B26AB8-780D-4797-BCBD-541F740B580C} = {804C4640-C27C-45A0-8DAA-3688365EC8B4}
		{5F822E82-5E84-48F1-AF12-6A3E27E595D4} = {A12CAC68-88F0-4046-9566-2CFBE3E36E67}
		{4134D62F-4BC5-4B66-9217-1A22E504AC12} = {5F822E82-5E84-48F1-AF12-6A3E27E595D4}
		{75A2D6E8-8514-4CCE-9643-707E13EC86F1} = {5F822E82-5E84-48F1-AF12-6A3E27E595D4}
		{5DDE6D9D-D77D-4C2C-83AF-2DC5FDEBCF07} = {5F822E82-5E84-48F1-AF12-6A3E27E595D4}
		{F496D145-2C99-416D-9E46-F4FABD97F730} = {5F822E82-5E84-48F1-AF12-6A3E27E595D4}
		{F7196632-8A94-4C77-972A-DDF8DBFCAAC0} = {6DA585D9-38A8-42A5-83F3-75C110D2A58F}
		{920890D5-5A1B-4D66-8764-4D2D636F1FC7} = {8DAF084C-2586-432E-946A-CC07776033EF}
		{07A7A372-169E-4349-AA6C-30C4E1564F9C} = {8DAF084C-2586-432E-946A-CC07776033EF}
		{372AD53A-B6B7-4179-98EE-2E86420CFDA8} = {9E205BEC-95C2-4471-BD17-157B7751CD58}
		{C4EDCAC9-7BB8-4643-9207-8D7EDB80C504} = {6DA585D9-38A8-42A5-83F3-75C110D2A58F}
		{CA7DDC41-5ADD-48ED-A01D-EACC25D3B624} = {9E205BEC-95C2-4471-BD17-157B7751CD58}
	EndGlobalSection
	GlobalSection(ExtensibilityGlobals) = postSolution
		SolutionGuid = {6C97A419-C9AB-4B07-8DDF-3F6681A4C9C9}
	EndGlobalSection
EndGlobal
